
Microsoft Visual Studio Solution File, Format Version 12.00
# Visual Studio Version 16
VisualStudioVersion = 16.0.31129.286
MinimumVisualStudioVersion = 10.0.40219.1
Project("{FAE04EC0-301F-11D3-BF4B-00C04F79EFBC}") = "Мебель", "Мебель.csproj", "{13777C06-6FFF-4559-9BC2-CA9F5B3B730E}"
EndProject
Project("{54435603-DBB4-11D2-8724-00A0C9A8B90C}") = "Setup", "bin\Setup\Setup.vdproj", "{5B2A2ADD-7CFE-4038-A32A-3F4085E221A2}"
EndProject
Global
	GlobalSection(SolutionConfigurationPlatforms) = preSolution
		Debug|Any CPU = Debug|Any CPU
		Release|Any CPU = Release|Any CPU
	EndGlobalSection
	GlobalSection(ProjectConfigurationPlatforms) = postSolution
		{13777C06-6FFF-4559-9BC2-CA9F5B3B730E}.Debug|Any CPU.ActiveCfg = Debug|Any CPU
		{13777C06-6FFF-4559-9BC2-CA9F5B3B730E}.Debug|Any CPU.Build.0 = Debug|Any CPU
		{13777C06-6FFF-4559-9BC2-CA9F5B3B730E}.Release|Any CPU.ActiveCfg = Release|Any CPU
		{13777C06-6FFF-4559-9BC2-CA9F5B3B730E}.Release|Any CPU.Build.0 = Release|Any CPU
		{5B2A2ADD-7CFE-4038-A32A-3F4085E221A2}.Debug|Any CPU.ActiveCfg = Debug
		{5B2A2ADD-7CFE-4038-A32A-3F4085E221A2}.Release|Any CPU.ActiveCfg = Release
	EndGlobalSection
	GlobalSection(SolutionProperties) = preSolution
		HideSolutionNode = FALSE
	EndGlobalSection
	GlobalSection(ExtensibilityGlobals) = postSolution
		SolutionGuid = {A804188A-D4A8-40DB-8592-CC57672A369D}
	EndGlobalSection
EndGlobal
